
Microsoft Visual Studio Solution File, Format Version 12.00
# Visual Studio Version 16
VisualStudioVersion = 16.0.30611.23
MinimumVisualStudioVersion = 10.0.40219.1
Project("{FAE04EC0-301F-11D3-BF4B-00C04F79EFBC}") = "ArticleSourceCode", "ArticleSourceCode\ArticleSourceCode.csproj", "{8AEA1ECC-B823-42A1-AF2A-04FCD6BD6E98}"
EndProject
Project("{FAE04EC0-301F-11D3-BF4B-00C04F79EFBC}") = "Libs", "Libs\Libs.csproj", "{B8E2681B-1185-4636-80FE-D6BF24F5193E}"
EndProject
Global
	GlobalSection(SolutionConfigurationPlatforms) = preSolution
		Debug|Any CPU = Debug|Any CPU
		Release|Any CPU = Release|Any CPU
	EndGlobalSection
	GlobalSection(ProjectConfigurationPlatforms) = postSolution
		{8AEA1ECC-B823-42A1-AF2A-04FCD6BD6E98}.Debug|Any CPU.ActiveCfg = Debug|Any CPU
		{8AEA1ECC-B823-42A1-AF2A-04FCD6BD6E98}.Debug|Any CPU.Build.0 = Debug|Any CPU
		{8AEA1ECC-B823-42A1-AF2A-04FCD6BD6E98}.Release|Any CPU.ActiveCfg = Release|Any CPU
		{8AEA1ECC-B823-42A1-AF2A-04FCD6BD6E98}.Release|Any CPU.Build.0 = Release|Any CPU
		{B8E2681B-1185-4636-80FE-D6BF24F5193E}.Debug|Any CPU.ActiveCfg = Debug|Any CPU
		{B8E2681B-1185-4636-80FE-D6BF24F5193E}.Debug|Any CPU.Build.0 = Debug|Any CPU
		{B8E2681B-1185-4636-80FE-D6BF24F5193E}.Release|Any CPU.ActiveCfg = Release|Any CPU
		{B8E2681B-1185-4636-80FE-D6BF24F5193E}.Release|Any CPU.Build.0 = Release|Any CPU
	EndGlobalSection
	GlobalSection(SolutionProperties) = preSolution
		HideSolutionNode = FALSE
	EndGlobalSection
	GlobalSection(ExtensibilityGlobals) = postSolution
		SolutionGuid = {9B7D24F0-7FA2-431C-889B-B911817B3C35}
	EndGlobalSection
EndGlobal
