Microsoft Visual Studio Solution File, Format Version 12.00
# Visual Studio Version 17
VisualStudioVersion = 17.0.32112.339
MinimumVisualStudioVersion = 10.0.40219.1
Project("{FAE04EC0-301F-11D3-BF4B-00C04F79EFBC}") = "ArticleSourceCode", "ArticleSourceCode\ArticleSourceCode.csproj", "{8AEA1ECC-B823-42A1-AF2A-04FCD6BD6E98}"
EndProject
Project("{FAE04EC0-301F-11D3-BF4B-00C04F79EFBC}") = "TestConsole", "TestConsole\TestConsole.csproj", "{EE800505-2DC1-4E3D-94FA-1FB0A959F178}"
EndProject
Project("{FAE04EC0-301F-11D3-BF4B-00C04F79EFBC}") = "ArticleUtils", "Utils\ArticleUtils.csproj", "{EA6B9871-16B4-4A35-B048-897798D2F857}"
EndProject
Global
	GlobalSection(SolutionConfigurationPlatforms) = preSolution
		Debug|Any CPU = Debug|Any CPU
		Release|Any CPU = Release|Any CPU
	EndGlobalSection
	GlobalSection(ProjectConfigurationPlatforms) = postSolution
		{8AEA1ECC-B823-42A1-AF2A-04FCD6BD6E98}.Debug|Any CPU.ActiveCfg = Debug|Any CPU
		{8AEA1ECC-B823-42A1-AF2A-04FCD6BD6E98}.Debug|Any CPU.Build.0 = Debug|Any CPU
		{8AEA1ECC-B823-42A1-AF2A-04FCD6BD6E98}.Release|Any CPU.ActiveCfg = Release|Any CPU
		{8AEA1ECC-B823-42A1-AF2A-04FCD6BD6E98}.Release|Any CPU.Build.0 = Release|Any CPU
		{EE800505-2DC1-4E3D-94FA-1FB0A959F178}.Debug|Any CPU.ActiveCfg = Debug|Any CPU
		{EE800505-2DC1-4E3D-94FA-1FB0A959F178}.Debug|Any CPU.Build.0 = Debug|Any CPU
		{EE800505-2DC1-4E3D-94FA-1FB0A959F178}.Release|Any CPU.ActiveCfg = Release|Any CPU
		{EE800505-2DC1-4E3D-94FA-1FB0A959F178}.Release|Any CPU.Build.0 = Release|Any CPU
		{EA6B9871-16B4-4A35-B048-897798D2F857}.Debug|Any CPU.ActiveCfg = Debug|Any CPU
		{EA6B9871-16B4-4A35-B048-897798D2F857}.Debug|Any CPU.Build.0 = Debug|Any CPU
		{EA6B9871-16B4-4A35-B048-897798D2F857}.Release|Any CPU.ActiveCfg = Release|Any CPU
		{EA6B9871-16B4-4A35-B048-897798D2F857}.Release|Any CPU.Build.0 = Release|Any CPU
	EndGlobalSection
	GlobalSection(SolutionProperties) = preSolution
		HideSolutionNode = FALSE
	EndGlobalSection
	GlobalSection(ExtensibilityGlobals) = postSolution
		SolutionGuid = {9B7D24F0-7FA2-431C-889B-B911817B3C35}
	EndGlobalSection
EndGlobal
